
Microsoft Visual Studio Solution File, Format Version 12.00
# Visual Studio 15
VisualStudioVersion = 15.0.27428.2002
MinimumVisualStudioVersion = 10.0.40219.1
Project("{FAE04EC0-301F-11D3-BF4B-00C04F79EFBC}") = "SampleSYSBANK", "SampleSYSBANK\SampleSYSBANK.csproj", "{1C8DD2E5-F18A-4D1F-83D4-A9668E92CC81}"
EndProject
Project("{FAE04EC0-301F-11D3-BF4B-00C04F79EFBC}") = "WcfBankingService", "..\WcfBankingService\WcfBankingService.csproj", "{D75EF508-F18D-42C8-91B4-B9CD34CFD188}"
EndProject
Global
	GlobalSection(SolutionConfigurationPlatforms) = preSolution
		Debug|Any CPU = Debug|Any CPU
		Release|Any CPU = Release|Any CPU
	EndGlobalSection
	GlobalSection(ProjectConfigurationPlatforms) = postSolution
		{1C8DD2E5-F18A-4D1F-83D4-A9668E92CC81}.Debug|Any CPU.ActiveCfg = Debug|Any CPU
		{1C8DD2E5-F18A-4D1F-83D4-A9668E92CC81}.Debug|Any CPU.Build.0 = Debug|Any CPU
		{1C8DD2E5-F18A-4D1F-83D4-A9668E92CC81}.Release|Any CPU.ActiveCfg = Release|Any CPU
		{1C8DD2E5-F18A-4D1F-83D4-A9668E92CC81}.Release|Any CPU.Build.0 = Release|Any CPU
		{D75EF508-F18D-42C8-91B4-B9CD34CFD188}.Debug|Any CPU.ActiveCfg = Debug|Any CPU
		{D75EF508-F18D-42C8-91B4-B9CD34CFD188}.Debug|Any CPU.Build.0 = Debug|Any CPU
		{D75EF508-F18D-42C8-91B4-B9CD34CFD188}.Release|Any CPU.ActiveCfg = Release|Any CPU
		{D75EF508-F18D-42C8-91B4-B9CD34CFD188}.Release|Any CPU.Build.0 = Release|Any CPU
	EndGlobalSection
	GlobalSection(SolutionProperties) = preSolution
		HideSolutionNode = FALSE
	EndGlobalSection
	GlobalSection(ExtensibilityGlobals) = postSolution
		SolutionGuid = {2D1CD1B7-6E67-4F02-98AB-BAFD427EF68C}
	EndGlobalSection
EndGlobal
